
Microsoft Visual Studio Solution File, Format Version 12.00
# Visual Studio 15
Project("{FAE04EC0-301F-11D3-BF4B-00C04F79EFBC}") = "TodoApi", "TodoApi\TodoApi.csproj", "{B3A99816-D00F-4B54-8BA4-5523F50AB5F8}"
EndProject
Global
	GlobalSection(SolutionConfigurationPlatforms) = preSolution
		Debug|Any CPU = Debug|Any CPU
		Release|Any CPU = Release|Any CPU
	EndGlobalSection
	GlobalSection(ProjectConfigurationPlatforms) = postSolution
		{B3A99816-D00F-4B54-8BA4-5523F50AB5F8}.Debug|Any CPU.ActiveCfg = Debug|Any CPU
		{B3A99816-D00F-4B54-8BA4-5523F50AB5F8}.Debug|Any CPU.Build.0 = Debug|Any CPU
		{B3A99816-D00F-4B54-8BA4-5523F50AB5F8}.Release|Any CPU.ActiveCfg = Release|Any CPU
		{B3A99816-D00F-4B54-8BA4-5523F50AB5F8}.Release|Any CPU.Build.0 = Release|Any CPU
	EndGlobalSection
EndGlobal
